
Microsoft Visual Studio Solution File, Format Version 12.00
# Visual Studio Version 17
VisualStudioVersion = 17.11.35312.102
MinimumVisualStudioVersion = 10.0.40219.1
Project("{FAE04EC0-301F-11D3-BF4B-00C04F79EFBC}") = "MainPortfolio", "MainPortfolio.csproj", "{0F51E807-7BC0-46CD-B247-99406CF6F1D6}"
EndProject
Global
	GlobalSection(SolutionConfigurationPlatforms) = preSolution
		Debug|Any CPU = Debug|Any CPU
		Release|Any CPU = Release|Any CPU
	EndGlobalSection
	GlobalSection(ProjectConfigurationPlatforms) = postSolution
		{0F51E807-7BC0-46CD-B247-99406CF6F1D6}.Debug|Any CPU.ActiveCfg = Debug|Any CPU
		{0F51E807-7BC0-46CD-B247-99406CF6F1D6}.Debug|Any CPU.Build.0 = Debug|Any CPU
		{0F51E807-7BC0-46CD-B247-99406CF6F1D6}.Release|Any CPU.ActiveCfg = Release|Any CPU
		{0F51E807-7BC0-46CD-B247-99406CF6F1D6}.Release|Any CPU.Build.0 = Release|Any CPU
	EndGlobalSection
	GlobalSection(SolutionProperties) = preSolution
		HideSolutionNode = FALSE
	EndGlobalSection
	GlobalSection(ExtensibilityGlobals) = postSolution
		SolutionGuid = {932BDE51-8506-411A-89AB-0977491AAE5D}
	EndGlobalSection
EndGlobal
